// !$*UTF8*$!
{
	archiveVersion = 1;
	classes = {
	};
	objectVersion = 56;
	objects = {

/* Begin PBXBuildFile section */
		ABED4EBC29B744DC00591DE2 /* AppDelegate.swift in Sources */ = {isa = PBXBuildFile; fileRef = ABED4EBB29B744DC00591DE2 /* AppDelegate.swift */; };
		ABED4EBE29B744DC00591DE2 /* SceneDelegate.swift in Sources */ = {isa = PBXBuildFile; fileRef = ABED4EBD29B744DC00591DE2 /* SceneDelegate.swift */; };
		ABED4EC029B744DC00591DE2 /* MainViewController.swift in Sources */ = {isa = PBXBuildFile; fileRef = ABED4EBF29B744DC00591DE2 /* MainViewController.swift */; };
		ABED4EC629B744DC00591DE2 /* News.xcdatamodeld in Sources */ = {isa = PBXBuildFile; fileRef = ABED4EC429B744DC00591DE2 /* News.xcdatamodeld */; };
		ABED4EC829B744DE00591DE2 /* Assets.xcassets in Resources */ = {isa = PBXBuildFile; fileRef = ABED4EC729B744DE00591DE2 /* Assets.xcassets */; };
		ABED4ECB29B744DE00591DE2 /* LaunchScreen.storyboard in Resources */ = {isa = PBXBuildFile; fileRef = ABED4EC929B744DE00591DE2 /* LaunchScreen.storyboard */; };
		ABED4ED429B792C000591DE2 /* NetworkManager.swift in Sources */ = {isa = PBXBuildFile; fileRef = ABED4ED329B792C000591DE2 /* NetworkManager.swift */; };
		ABED4ED729B7931200591DE2 /* News.swift in Sources */ = {isa = PBXBuildFile; fileRef = ABED4ED629B7931200591DE2 /* News.swift */; };
		ABED4EDD29B79A8300591DE2 /* MainViewModel.swift in Sources */ = {isa = PBXBuildFile; fileRef = ABED4EDC29B79A8300591DE2 /* MainViewModel.swift */; };
		ABED4EE129B7F24300591DE2 /* Endpoint.swift in Sources */ = {isa = PBXBuildFile; fileRef = ABED4EE029B7F24300591DE2 /* Endpoint.swift */; };
		ABED4EE329B87FBC00591DE2 /* NewsViewCell.swift in Sources */ = {isa = PBXBuildFile; fileRef = ABED4EE229B87FBC00591DE2 /* NewsViewCell.swift */; };
		ABED4EE829B8B6D200591DE2 /* APIConstants.swift in Sources */ = {isa = PBXBuildFile; fileRef = ABED4EE729B8B6D200591DE2 /* APIConstants.swift */; };
		ABED4EF029B8C6A500591DE2 /* Media.swift in Sources */ = {isa = PBXBuildFile; fileRef = ABED4EEF29B8C6A500591DE2 /* Media.swift */; };
		ABED4EF329B8C71F00591DE2 /* UIImageView+load.swift in Sources */ = {isa = PBXBuildFile; fileRef = ABED4EF229B8C71F00591DE2 /* UIImageView+load.swift */; };
/* End PBXBuildFile section */

/* Begin PBXFileReference section */
		ABED4EB829B744DC00591DE2 /* News.app */ = {isa = PBXFileReference; explicitFileType = wrapper.application; includeInIndex = 0; path = News.app; sourceTree = BUILT_PRODUCTS_DIR; };
		ABED4EBB29B744DC00591DE2 /* AppDelegate.swift */ = {isa = PBXFileReference; lastKnownFileType = sourcecode.swift; path = AppDelegate.swift; sourceTree = "<group>"; };
		ABED4EBD29B744DC00591DE2 /* SceneDelegate.swift */ = {isa = PBXFileReference; lastKnownFileType = sourcecode.swift; path = SceneDelegate.swift; sourceTree = "<group>"; };
		ABED4EBF29B744DC00591DE2 /* MainViewController.swift */ = {isa = PBXFileReference; lastKnownFileType = sourcecode.swift; path = MainViewController.swift; sourceTree = "<group>"; };
		ABED4EC529B744DC00591DE2 /* News.xcdatamodel */ = {isa = PBXFileReference; lastKnownFileType = wrapper.xcdatamodel; path = News.xcdatamodel; sourceTree = "<group>"; };
		ABED4EC729B744DE00591DE2 /* Assets.xcassets */ = {isa = PBXFileReference; lastKnownFileType = folder.assetcatalog; path = Assets.xcassets; sourceTree = "<group>"; };
		ABED4ECA29B744DE00591DE2 /* Base */ = {isa = PBXFileReference; lastKnownFileType = file.storyboard; name = Base; path = Base.lproj/LaunchScreen.storyboard; sourceTree = "<group>"; };
		ABED4ECC29B744DE00591DE2 /* Info.plist */ = {isa = PBXFileReference; lastKnownFileType = text.plist.xml; path = Info.plist; sourceTree = "<group>"; };
		ABED4ED329B792C000591DE2 /* NetworkManager.swift */ = {isa = PBXFileReference; lastKnownFileType = sourcecode.swift; path = NetworkManager.swift; sourceTree = "<group>"; };
		ABED4ED629B7931200591DE2 /* News.swift */ = {isa = PBXFileReference; lastKnownFileType = sourcecode.swift; path = News.swift; sourceTree = "<group>"; };
		ABED4EDC29B79A8300591DE2 /* MainViewModel.swift */ = {isa = PBXFileReference; lastKnownFileType = sourcecode.swift; path = MainViewModel.swift; sourceTree = "<group>"; };
		ABED4EE029B7F24300591DE2 /* Endpoint.swift */ = {isa = PBXFileReference; lastKnownFileType = sourcecode.swift; path = Endpoint.swift; sourceTree = "<group>"; };
		ABED4EE229B87FBC00591DE2 /* NewsViewCell.swift */ = {isa = PBXFileReference; lastKnownFileType = sourcecode.swift; path = NewsViewCell.swift; sourceTree = "<group>"; };
		ABED4EE729B8B6D200591DE2 /* APIConstants.swift */ = {isa = PBXFileReference; lastKnownFileType = sourcecode.swift; path = APIConstants.swift; sourceTree = "<group>"; };
		ABED4EEF29B8C6A500591DE2 /* Media.swift */ = {isa = PBXFileReference; lastKnownFileType = sourcecode.swift; path = Media.swift; sourceTree = "<group>"; };
		ABED4EF229B8C71F00591DE2 /* UIImageView+load.swift */ = {isa = PBXFileReference; lastKnownFileType = sourcecode.swift; path = "UIImageView+load.swift"; sourceTree = "<group>"; };
/* End PBXFileReference section */

/* Begin PBXFrameworksBuildPhase section */
		ABED4EB529B744DC00591DE2 /* Frameworks */ = {
			isa = PBXFrameworksBuildPhase;
			buildActionMask = 2147483647;
			files = (
			);
			runOnlyForDeploymentPostprocessing = 0;
		};
/* End PBXFrameworksBuildPhase section */

/* Begin PBXGroup section */
		ABED4EAF29B744DC00591DE2 = {
			isa = PBXGroup;
			children = (
				ABED4EBA29B744DC00591DE2 /* News */,
				ABED4EB929B744DC00591DE2 /* Products */,
			);
			sourceTree = "<group>";
		};
		ABED4EB929B744DC00591DE2 /* Products */ = {
			isa = PBXGroup;
			children = (
				ABED4EB829B744DC00591DE2 /* News.app */,
			);
			name = Products;
			sourceTree = "<group>";
		};
		ABED4EBA29B744DC00591DE2 /* News */ = {
			isa = PBXGroup;
			children = (
				ABED4EEE29B8C22B00591DE2 /* SupportingFiles */,
				ABED4EED29B8B9C100591DE2 /* Services */,
				ABED4EE929B8B81B00591DE2 /* Modules */,
				ABED4EE429B8B67100591DE2 /* Common */,
			);
			path = News;
			sourceTree = "<group>";
		};
		ABED4ED829B793A100591DE2 /* Managers */ = {
			isa = PBXGroup;
			children = (
				ABED4ED329B792C000591DE2 /* NetworkManager.swift */,
				ABED4EE029B7F24300591DE2 /* Endpoint.swift */,
			);
			path = Managers;
			sourceTree = "<group>";
		};
		ABED4EE429B8B67100591DE2 /* Common */ = {
			isa = PBXGroup;
			children = (
				ABED4EF629B8EC4200591DE2 /* Cell */,
				ABED4EF129B8C6CD00591DE2 /* Extensions */,
				ABED4EE529B8B68900591DE2 /* Models */,
				ABED4EE629B8B6A700591DE2 /* Constants */,
			);
			path = Common;
			sourceTree = "<group>";
		};
		ABED4EE529B8B68900591DE2 /* Models */ = {
			isa = PBXGroup;
			children = (
				ABED4ED629B7931200591DE2 /* News.swift */,
				ABED4EEF29B8C6A500591DE2 /* Media.swift */,
			);
			path = Models;
			sourceTree = "<group>";
		};
		ABED4EE629B8B6A700591DE2 /* Constants */ = {
			isa = PBXGroup;
			children = (
				ABED4EE729B8B6D200591DE2 /* APIConstants.swift */,
			);
			path = Constants;
			sourceTree = "<group>";
		};
		ABED4EE929B8B81B00591DE2 /* Modules */ = {
			isa = PBXGroup;
			children = (
				ABED4EEA29B8B82800591DE2 /* News */,
			);
			path = Modules;
			sourceTree = "<group>";
		};
		ABED4EEA29B8B82800591DE2 /* News */ = {
			isa = PBXGroup;
			children = (
				ABED4EEB29B8B83B00591DE2 /* MainPage */,
			);
			path = News;
			sourceTree = "<group>";
		};
		ABED4EEB29B8B83B00591DE2 /* MainPage */ = {
			isa = PBXGroup;
			children = (
				ABED4EBF29B744DC00591DE2 /* MainViewController.swift */,
				ABED4EDC29B79A8300591DE2 /* MainViewModel.swift */,
			);
			path = MainPage;
			sourceTree = "<group>";
		};
		ABED4EED29B8B9C100591DE2 /* Services */ = {
			isa = PBXGroup;
			children = (
				ABED4ED829B793A100591DE2 /* Managers */,
			);
			path = Services;
			sourceTree = "<group>";
		};
		ABED4EEE29B8C22B00591DE2 /* SupportingFiles */ = {
			isa = PBXGroup;
			children = (
				ABED4EC429B744DC00591DE2 /* News.xcdatamodeld */,
				ABED4ECC29B744DE00591DE2 /* Info.plist */,
				ABED4EC929B744DE00591DE2 /* LaunchScreen.storyboard */,
				ABED4EC729B744DE00591DE2 /* Assets.xcassets */,
				ABED4EBB29B744DC00591DE2 /* AppDelegate.swift */,
				ABED4EBD29B744DC00591DE2 /* SceneDelegate.swift */,
			);
			path = SupportingFiles;
			sourceTree = "<group>";
		};
		ABED4EF129B8C6CD00591DE2 /* Extensions */ = {
			isa = PBXGroup;
			children = (
				ABED4EF229B8C71F00591DE2 /* UIImageView+load.swift */,
			);
			path = Extensions;
			sourceTree = "<group>";
		};
		ABED4EF629B8EC4200591DE2 /* Cell */ = {
			isa = PBXGroup;
			children = (
				ABED4EE229B87FBC00591DE2 /* NewsViewCell.swift */,
			);
			path = Cell;
			sourceTree = "<group>";
		};
/* End PBXGroup section */

/* Begin PBXNativeTarget section */
		ABED4EB729B744DC00591DE2 /* News */ = {
			isa = PBXNativeTarget;
			buildConfigurationList = ABED4ECF29B744DE00591DE2 /* Build configuration list for PBXNativeTarget "News" */;
			buildPhases = (
				ABED4EB429B744DC00591DE2 /* Sources */,
				ABED4EB529B744DC00591DE2 /* Frameworks */,
				ABED4EB629B744DC00591DE2 /* Resources */,
			);
			buildRules = (
			);
			dependencies = (
			);
			name = News;
			productName = News;
			productReference = ABED4EB829B744DC00591DE2 /* News.app */;
			productType = "com.apple.product-type.application";
		};
/* End PBXNativeTarget section */

/* Begin PBXProject section */
		ABED4EB029B744DC00591DE2 /* Project object */ = {
			isa = PBXProject;
			attributes = {
				BuildIndependentTargetsInParallel = 1;
				LastSwiftUpdateCheck = 1410;
				LastUpgradeCheck = 1410;
				TargetAttributes = {
					ABED4EB729B744DC00591DE2 = {
						CreatedOnToolsVersion = 14.1;
					};
				};
			};
			buildConfigurationList = ABED4EB329B744DC00591DE2 /* Build configuration list for PBXProject "News" */;
			compatibilityVersion = "Xcode 14.0";
			developmentRegion = en;
			hasScannedForEncodings = 0;
			knownRegions = (
				en,
				Base,
			);
			mainGroup = ABED4EAF29B744DC00591DE2;
			productRefGroup = ABED4EB929B744DC00591DE2 /* Products */;
			projectDirPath = "";
			projectRoot = "";
			targets = (
				ABED4EB729B744DC00591DE2 /* News */,
			);
		};
/* End PBXProject section */

/* Begin PBXResourcesBuildPhase section */
		ABED4EB629B744DC00591DE2 /* Resources */ = {
			isa = PBXResourcesBuildPhase;
			buildActionMask = 2147483647;
			files = (
				ABED4ECB29B744DE00591DE2 /* LaunchScreen.storyboard in Resources */,
				ABED4EC829B744DE00591DE2 /* Assets.xcassets in Resources */,
			);
			runOnlyForDeploymentPostprocessing = 0;
		};
/* End PBXResourcesBuildPhase section */

/* Begin PBXSourcesBuildPhase section */
		ABED4EB429B744DC00591DE2 /* Sources */ = {
			isa = PBXSourcesBuildPhase;
			buildActionMask = 2147483647;
			files = (
				ABED4EF029B8C6A500591DE2 /* Media.swift in Sources */,
				ABED4ED729B7931200591DE2 /* News.swift in Sources */,
				ABED4EC029B744DC00591DE2 /* MainViewController.swift in Sources */,
				ABED4EE129B7F24300591DE2 /* Endpoint.swift in Sources */,
				ABED4EE329B87FBC00591DE2 /* NewsViewCell.swift in Sources */,
				ABED4EBC29B744DC00591DE2 /* AppDelegate.swift in Sources */,
				ABED4ED429B792C000591DE2 /* NetworkManager.swift in Sources */,
				ABED4EE829B8B6D200591DE2 /* APIConstants.swift in Sources */,
				ABED4EF329B8C71F00591DE2 /* UIImageView+load.swift in Sources */,
				ABED4EC629B744DC00591DE2 /* News.xcdatamodeld in Sources */,
				ABED4EBE29B744DC00591DE2 /* SceneDelegate.swift in Sources */,
				ABED4EDD29B79A8300591DE2 /* MainViewModel.swift in Sources */,
			);
			runOnlyForDeploymentPostprocessing = 0;
		};
/* End PBXSourcesBuildPhase section */

/* Begin PBXVariantGroup section */
		ABED4EC929B744DE00591DE2 /* LaunchScreen.storyboard */ = {
			isa = PBXVariantGroup;
			children = (
				ABED4ECA29B744DE00591DE2 /* Base */,
			);
			name = LaunchScreen.storyboard;
			sourceTree = "<group>";
		};
/* End PBXVariantGroup section */

/* Begin XCBuildConfiguration section */
		ABED4ECD29B744DE00591DE2 /* Debug */ = {
			isa = XCBuildConfiguration;
			buildSettings = {
				ALWAYS_SEARCH_USER_PATHS = NO;
				CLANG_ANALYZER_NONNULL = YES;
				CLANG_ANALYZER_NUMBER_OBJECT_CONVERSION = YES_AGGRESSIVE;
				CLANG_CXX_LANGUAGE_STANDARD = "gnu++20";
				CLANG_ENABLE_MODULES = YES;
				CLANG_ENABLE_OBJC_ARC = YES;
				CLANG_ENABLE_OBJC_WEAK = YES;
				CLANG_WARN_BLOCK_CAPTURE_AUTORELEASING = YES;
				CLANG_WARN_BOOL_CONVERSION = YES;
				CLANG_WARN_COMMA = YES;
				CLANG_WARN_CONSTANT_CONVERSION = YES;
				CLANG_WARN_DEPRECATED_OBJC_IMPLEMENTATIONS = YES;
				CLANG_WARN_DIRECT_OBJC_ISA_USAGE = YES_ERROR;
				CLANG_WARN_DOCUMENTATION_COMMENTS = YES;
				CLANG_WARN_EMPTY_BODY = YES;
				CLANG_WARN_ENUM_CONVERSION = YES;
				CLANG_WARN_INFINITE_RECURSION = YES;
				CLANG_WARN_INT_CONVERSION = YES;
				CLANG_WARN_NON_LITERAL_NULL_CONVERSION = YES;
				CLANG_WARN_OBJC_IMPLICIT_RETAIN_SELF = YES;
				CLANG_WARN_OBJC_LITERAL_CONVERSION = YES;
				CLANG_WARN_OBJC_ROOT_CLASS = YES_ERROR;
				CLANG_WARN_QUOTED_INCLUDE_IN_FRAMEWORK_HEADER = YES;
				CLANG_WARN_RANGE_LOOP_ANALYSIS = YES;
				CLANG_WARN_STRICT_PROTOTYPES = YES;
				CLANG_WARN_SUSPICIOUS_MOVE = YES;
				CLANG_WARN_UNGUARDED_AVAILABILITY = YES_AGGRESSIVE;
				CLANG_WARN_UNREACHABLE_CODE = YES;
				CLANG_WARN__DUPLICATE_METHOD_MATCH = YES;
				COPY_PHASE_STRIP = NO;
				DEBUG_INFORMATION_FORMAT = dwarf;
				ENABLE_STRICT_OBJC_MSGSEND = YES;
				ENABLE_TESTABILITY = YES;
				GCC_C_LANGUAGE_STANDARD = gnu11;
				GCC_DYNAMIC_NO_PIC = NO;
				GCC_NO_COMMON_BLOCKS = YES;
				GCC_OPTIMIZATION_LEVEL = 0;
				GCC_PREPROCESSOR_DEFINITIONS = (
					"DEBUG=1",
					"$(inherited)",
				);
				GCC_WARN_64_TO_32_BIT_CONVERSION = YES;
				GCC_WARN_ABOUT_RETURN_TYPE = YES_ERROR;
				GCC_WARN_UNDECLARED_SELECTOR = YES;
				GCC_WARN_UNINITIALIZED_AUTOS = YES_AGGRESSIVE;
				GCC_WARN_UNUSED_FUNCTION = YES;
				GCC_WARN_UNUSED_VARIABLE = YES;
				IPHONEOS_DEPLOYMENT_TARGET = 16.1;
				MTL_ENABLE_DEBUG_INFO = INCLUDE_SOURCE;
				MTL_FAST_MATH = YES;
				ONLY_ACTIVE_ARCH = YES;
				SDKROOT = iphoneos;
				SWIFT_ACTIVE_COMPILATION_CONDITIONS = DEBUG;
				SWIFT_OPTIMIZATION_LEVEL = "-Onone";
			};
			name = Debug;
		};
		ABED4ECE29B744DE00591DE2 /* Release */ = {
			isa = XCBuildConfiguration;
			buildSettings = {
				ALWAYS_SEARCH_USER_PATHS = NO;
				CLANG_ANALYZER_NONNULL = YES;
				CLANG_ANALYZER_NUMBER_OBJECT_CONVERSION = YES_AGGRESSIVE;
				CLANG_CXX_LANGUAGE_STANDARD = "gnu++20";
				CLANG_ENABLE_MODULES = YES;
				CLANG_ENABLE_OBJC_ARC = YES;
				CLANG_ENABLE_OBJC_WEAK = YES;
				CLANG_WARN_BLOCK_CAPTURE_AUTORELEASING = YES;
				CLANG_WARN_BOOL_CONVERSION = YES;
				CLANG_WARN_COMMA = YES;
				CLANG_WARN_CONSTANT_CONVERSION = YES;
				CLANG_WARN_DEPRECATED_OBJC_IMPLEMENTATIONS = YES;
				CLANG_WARN_DIRECT_OBJC_ISA_USAGE = YES_ERROR;
				CLANG_WARN_DOCUMENTATION_COMMENTS = YES;
				CLANG_WARN_EMPTY_BODY = YES;
				CLANG_WARN_ENUM_CONVERSION = YES;
				CLANG_WARN_INFINITE_RECURSION = YES;
				CLANG_WARN_INT_CONVERSION = YES;
				CLANG_WARN_NON_LITERAL_NULL_CONVERSION = YES;
				CLANG_WARN_OBJC_IMPLICIT_RETAIN_SELF = YES;
				CLANG_WARN_OBJC_LITERAL_CONVERSION = YES;
				CLANG_WARN_OBJC_ROOT_CLASS = YES_ERROR;
				CLANG_WARN_QUOTED_INCLUDE_IN_FRAMEWORK_HEADER = YES;
				CLANG_WARN_RANGE_LOOP_ANALYSIS = YES;
				CLANG_WARN_STRICT_PROTOTYPES = YES;
				CLANG_WARN_SUSPICIOUS_MOVE = YES;
				CLANG_WARN_UNGUARDED_AVAILABILITY = YES_AGGRESSIVE;
				CLANG_WARN_UNREACHABLE_CODE = YES;
				CLANG_WARN__DUPLICATE_METHOD_MATCH = YES;
				COPY_PHASE_STRIP = NO;
				DEBUG_INFORMATION_FORMAT = "dwarf-with-dsym";
				ENABLE_NS_ASSERTIONS = NO;
				ENABLE_STRICT_OBJC_MSGSEND = YES;
				GCC_C_LANGUAGE_STANDARD = gnu11;
				GCC_NO_COMMON_BLOCKS = YES;
				GCC_WARN_64_TO_32_BIT_CONVERSION = YES;
				GCC_WARN_ABOUT_RETURN_TYPE = YES_ERROR;
				GCC_WARN_UNDECLARED_SELECTOR = YES;
				GCC_WARN_UNINITIALIZED_AUTOS = YES_AGGRESSIVE;
				GCC_WARN_UNUSED_FUNCTION = YES;
				GCC_WARN_UNUSED_VARIABLE = YES;
				IPHONEOS_DEPLOYMENT_TARGET = 16.1;
				MTL_ENABLE_DEBUG_INFO = NO;
				MTL_FAST_MATH = YES;
				SDKROOT = iphoneos;
				SWIFT_COMPILATION_MODE = wholemodule;
				SWIFT_OPTIMIZATION_LEVEL = "-O";
				VALIDATE_PRODUCT = YES;
			};
			name = Release;
		};
		ABED4ED029B744DE00591DE2 /* Debug */ = {
			isa = XCBuildConfiguration;
			buildSettings = {
				ASSETCATALOG_COMPILER_APPICON_NAME = AppIcon;
				ASSETCATALOG_COMPILER_GLOBAL_ACCENT_COLOR_NAME = AccentColor;
				CODE_SIGN_STYLE = Automatic;
				CURRENT_PROJECT_VERSION = 1;
				GENERATE_INFOPLIST_FILE = YES;
				INFOPLIST_FILE = News/SupportingFiles/Info.plist;
				INFOPLIST_KEY_UIApplicationSupportsIndirectInputEvents = YES;
				INFOPLIST_KEY_UILaunchStoryboardName = LaunchScreen;
				INFOPLIST_KEY_UISupportedInterfaceOrientations = UIInterfaceOrientationPortrait;
				LD_RUNPATH_SEARCH_PATHS = (
					"$(inherited)",
					"@executable_path/Frameworks",
				);
				MARKETING_VERSION = 1.0;
				PRODUCT_BUNDLE_IDENTIFIER = philip.News;
				PRODUCT_NAME = "$(TARGET_NAME)";
				SUPPORTED_PLATFORMS = "iphoneos iphonesimulator";
				SUPPORTS_MACCATALYST = NO;
				SUPPORTS_MAC_DESIGNED_FOR_IPHONE_IPAD = NO;
				SWIFT_EMIT_LOC_STRINGS = YES;
				SWIFT_VERSION = 5.0;
				TARGETED_DEVICE_FAMILY = "1,2";
			};
			name = Debug;
		};
		ABED4ED129B744DE00591DE2 /* Release */ = {
			isa = XCBuildConfiguration;
			buildSettings = {
				ASSETCATALOG_COMPILER_APPICON_NAME = AppIcon;
				ASSETCATALOG_COMPILER_GLOBAL_ACCENT_COLOR_NAME = AccentColor;
				CODE_SIGN_STYLE = Automatic;
				CURRENT_PROJECT_VERSION = 1;
				GENERATE_INFOPLIST_FILE = YES;
				INFOPLIST_FILE = News/SupportingFiles/Info.plist;
				INFOPLIST_KEY_UIApplicationSupportsIndirectInputEvents = YES;
				INFOPLIST_KEY_UILaunchStoryboardName = LaunchScreen;
				INFOPLIST_KEY_UISupportedInterfaceOrientations = UIInterfaceOrientationPortrait;
				LD_RUNPATH_SEARCH_PATHS = (
					"$(inherited)",
					"@executable_path/Frameworks",
				);
				MARKETING_VERSION = 1.0;
				PRODUCT_BUNDLE_IDENTIFIER = philip.News;
				PRODUCT_NAME = "$(TARGET_NAME)";
				SUPPORTED_PLATFORMS = "iphoneos iphonesimulator";
				SUPPORTS_MACCATALYST = NO;
				SUPPORTS_MAC_DESIGNED_FOR_IPHONE_IPAD = NO;
				SWIFT_EMIT_LOC_STRINGS = YES;
				SWIFT_VERSION = 5.0;
				TARGETED_DEVICE_FAMILY = "1,2";
			};
			name = Release;
		};
/* End XCBuildConfiguration section */

/* Begin XCConfigurationList section */
		ABED4EB329B744DC00591DE2 /* Build configuration list for PBXProject "News" */ = {
			isa = XCConfigurationList;
			buildConfigurations = (
				ABED4ECD29B744DE00591DE2 /* Debug */,
				ABED4ECE29B744DE00591DE2 /* Release */,
			);
			defaultConfigurationIsVisible = 0;
			defaultConfigurationName = Release;
		};
		ABED4ECF29B744DE00591DE2 /* Build configuration list for PBXNativeTarget "News" */ = {
			isa = XCConfigurationList;
			buildConfigurations = (
				ABED4ED029B744DE00591DE2 /* Debug */,
				ABED4ED129B744DE00591DE2 /* Release */,
			);
			defaultConfigurationIsVisible = 0;
			defaultConfigurationName = Release;
		};
/* End XCConfigurationList section */

/* Begin XCVersionGroup section */
		ABED4EC429B744DC00591DE2 /* News.xcdatamodeld */ = {
			isa = XCVersionGroup;
			children = (
				ABED4EC529B744DC00591DE2 /* News.xcdatamodel */,
			);
			currentVersion = ABED4EC529B744DC00591DE2 /* News.xcdatamodel */;
			path = News.xcdatamodeld;
			sourceTree = "<group>";
			versionGroupType = wrapper.xcdatamodel;
		};
/* End XCVersionGroup section */
	};
	rootObject = ABED4EB029B744DC00591DE2 /* Project object */;
}
